
Microsoft Visual Studio Solution File, Format Version 12.00
# Visual Studio 15
VisualStudioVersion = 15.0.27428.2037
MinimumVisualStudioVersion = 10.0.40219.1
Project("{FAE04EC0-301F-11D3-BF4B-00C04F79EFBC}") = "GitExtensions.BundleBackuper", "src\GitExtensions.BundleBackuper\GitExtensions.BundleBackuper.csproj", "{6BE89BC8-5501-4AE0-B0C6-A470733789CC}"
EndProject
Global
	GlobalSection(SolutionConfigurationPlatforms) = preSolution
		Debug|Any CPU = Debug|Any CPU
		Release|Any CPU = Release|Any CPU
	EndGlobalSection
	GlobalSection(ProjectConfigurationPlatforms) = postSolution
		{6BE89BC8-5501-4AE0-B0C6-A470733789CC}.Debug|Any CPU.ActiveCfg = Debug|Any CPU
		{6BE89BC8-5501-4AE0-B0C6-A470733789CC}.Debug|Any CPU.Build.0 = Debug|Any CPU
		{6BE89BC8-5501-4AE0-B0C6-A470733789CC}.Release|Any CPU.ActiveCfg = Release|Any CPU
		{6BE89BC8-5501-4AE0-B0C6-A470733789CC}.Release|Any CPU.Build.0 = Release|Any CPU
	EndGlobalSection
	GlobalSection(SolutionProperties) = preSolution
		HideSolutionNode = FALSE
	EndGlobalSection
	GlobalSection(ExtensibilityGlobals) = postSolution
		SolutionGuid = {464A876F-752B-4C55-A150-2E4E4196D18D}
	EndGlobalSection
EndGlobal
